
Microsoft Visual Studio Solution File, Format Version 12.00
# Visual Studio Version 17
VisualStudioVersion = 17.9.34728.123
MinimumVisualStudioVersion = 10.0.40219.1
Project("{FAE04EC0-301F-11D3-BF4B-00C04F79EFBC}") = "SalesWebMvc", "SalesWebMvc\SalesWebMvc.csproj", "{D3641F60-795C-4270-8843-0C741DFFD328}"
EndProject
Global
	GlobalSection(SolutionConfigurationPlatforms) = preSolution
		Debug|Any CPU = Debug|Any CPU
		Release|Any CPU = Release|Any CPU
	EndGlobalSection
	GlobalSection(ProjectConfigurationPlatforms) = postSolution
		{D3641F60-795C-4270-8843-0C741DFFD328}.Debug|Any CPU.ActiveCfg = Debug|Any CPU
		{D3641F60-795C-4270-8843-0C741DFFD328}.Debug|Any CPU.Build.0 = Debug|Any CPU
		{D3641F60-795C-4270-8843-0C741DFFD328}.Release|Any CPU.ActiveCfg = Release|Any CPU
		{D3641F60-795C-4270-8843-0C741DFFD328}.Release|Any CPU.Build.0 = Release|Any CPU
	EndGlobalSection
	GlobalSection(SolutionProperties) = preSolution
		HideSolutionNode = FALSE
	EndGlobalSection
	GlobalSection(ExtensibilityGlobals) = postSolution
		SolutionGuid = {F910D61F-378D-4ECD-B3D1-61F7AC9DD222}
	EndGlobalSection
EndGlobal
